// !$*UTF8*$!
{
	archiveVersion = 1;
	classes = {
	};
	objectVersion = 46;
	objects = {

/* Begin PBXBuildFile section */
		58BFBAB41CF420B500FD782F /* main.m in Sources */ = {isa = PBXBuildFile; fileRef = 58BFBAB31CF420B500FD782F /* main.m */; };
		58BFBAB71CF420B500FD782F /* AppDelegate.m in Sources */ = {isa = PBXBuildFile; fileRef = 58BFBAB61CF420B500FD782F /* AppDelegate.m */; };
		58BFBABF1CF420B500FD782F /* Assets.xcassets in Resources */ = {isa = PBXBuildFile; fileRef = 58BFBABE1CF420B500FD782F /* Assets.xcassets */; };
		58BFBAC21CF420B500FD782F /* LaunchScreen.storyboard in Resources */ = {isa = PBXBuildFile; fileRef = 58BFBAC01CF420B500FD782F /* LaunchScreen.storyboard */; };
		58BFBACD1CF420B500FD782F /* ZKRotationSwitchViewTests.m in Sources */ = {isa = PBXBuildFile; fileRef = 58BFBACC1CF420B500FD782F /* ZKRotationSwitchViewTests.m */; };
		58BFBAD81CF420B500FD782F /* ZKRotationSwitchViewUITests.m in Sources */ = {isa = PBXBuildFile; fileRef = 58BFBAD71CF420B500FD782F /* ZKRotationSwitchViewUITests.m */; };
		58BFBAE91CF4217700FD782F /* ZKMainViewController.m in Sources */ = {isa = PBXBuildFile; fileRef = 58BFBAE71CF4217700FD782F /* ZKMainViewController.m */; };
		58BFBAEA1CF4217700FD782F /* ZKMainViewController.xib in Resources */ = {isa = PBXBuildFile; fileRef = 58BFBAE81CF4217700FD782F /* ZKMainViewController.xib */; };
		58BFBAEE1CF4245600FD782F /* ZKRotationViewController.m in Sources */ = {isa = PBXBuildFile; fileRef = 58BFBAED1CF4245600FD782F /* ZKRotationViewController.m */; };
/* End PBXBuildFile section */

/* Begin PBXContainerItemProxy section */
		58BFBAC91CF420B500FD782F /* PBXContainerItemProxy */ = {
			isa = PBXContainerItemProxy;
			containerPortal = 58BFBAA71CF420B400FD782F /* Project object */;
			proxyType = 1;
			remoteGlobalIDString = 58BFBAAE1CF420B400FD782F;
			remoteInfo = ZKRotationSwitchView;
		};
		58BFBAD41CF420B500FD782F /* PBXContainerItemProxy */ = {
			isa = PBXContainerItemProxy;
			containerPortal = 58BFBAA71CF420B400FD782F /* Project object */;
			proxyType = 1;
			remoteGlobalIDString = 58BFBAAE1CF420B400FD782F;
			remoteInfo = ZKRotationSwitchView;
		};
/* End PBXContainerItemProxy section */

/* Begin PBXFileReference section */
		58BFBAAF1CF420B400FD782F /* ZKRotationSwitchView.app */ = {isa = PBXFileReference; explicitFileType = wrapper.application; includeInIndex = 0; path = ZKRotationSwitchView.app; sourceTree = BUILT_PRODUCTS_DIR; };
		58BFBAB31CF420B500FD782F /* main.m */ = {isa = PBXFileReference; lastKnownFileType = sourcecode.c.objc; path = main.m; sourceTree = "<group>"; };
		58BFBAB51CF420B500FD782F /* AppDelegate.h */ = {isa = PBXFileReference; lastKnownFileType = sourcecode.c.h; path = AppDelegate.h; sourceTree = "<group>"; };
		58BFBAB61CF420B500FD782F /* AppDelegate.m */ = {isa = PBXFileReference; lastKnownFileType = sourcecode.c.objc; path = AppDelegate.m; sourceTree = "<group>"; };
		58BFBABE1CF420B500FD782F /* Assets.xcassets */ = {isa = PBXFileReference; lastKnownFileType = folder.assetcatalog; path = Assets.xcassets; sourceTree = "<group>"; };
		58BFBAC11CF420B500FD782F /* Base */ = {isa = PBXFileReference; lastKnownFileType = file.storyboard; name = Base; path = Base.lproj/LaunchScreen.storyboard; sourceTree = "<group>"; };
		58BFBAC31CF420B500FD782F /* Info.plist */ = {isa = PBXFileReference; lastKnownFileType = text.plist.xml; path = Info.plist; sourceTree = "<group>"; };
		58BFBAC81CF420B500FD782F /* ZKRotationSwitchViewTests.xctest */ = {isa = PBXFileReference; explicitFileType = wrapper.cfbundle; includeInIndex = 0; path = ZKRotationSwitchViewTests.xctest; sourceTree = BUILT_PRODUCTS_DIR; };
		58BFBACC1CF420B500FD782F /* ZKRotationSwitchViewTests.m */ = {isa = PBXFileReference; lastKnownFileType = sourcecode.c.objc; path = ZKRotationSwitchViewTests.m; sourceTree = "<group>"; };
		58BFBACE1CF420B500FD782F /* Info.plist */ = {isa = PBXFileReference; lastKnownFileType = text.plist.xml; path = Info.plist; sourceTree = "<group>"; };
		58BFBAD31CF420B500FD782F /* ZKRotationSwitchViewUITests.xctest */ = {isa = PBXFileReference; explicitFileType = wrapper.cfbundle; includeInIndex = 0; path = ZKRotationSwitchViewUITests.xctest; sourceTree = BUILT_PRODUCTS_DIR; };
		58BFBAD71CF420B500FD782F /* ZKRotationSwitchViewUITests.m */ = {isa = PBXFileReference; lastKnownFileType = sourcecode.c.objc; path = ZKRotationSwitchViewUITests.m; sourceTree = "<group>"; };
		58BFBAD91CF420B500FD782F /* Info.plist */ = {isa = PBXFileReference; lastKnownFileType = text.plist.xml; path = Info.plist; sourceTree = "<group>"; };
		58BFBAE61CF4217700FD782F /* ZKMainViewController.h */ = {isa = PBXFileReference; fileEncoding = 4; lastKnownFileType = sourcecode.c.h; path = ZKMainViewController.h; sourceTree = "<group>"; };
		58BFBAE71CF4217700FD782F /* ZKMainViewController.m */ = {isa = PBXFileReference; fileEncoding = 4; lastKnownFileType = sourcecode.c.objc; path = ZKMainViewController.m; sourceTree = "<group>"; };
		58BFBAE81CF4217700FD782F /* ZKMainViewController.xib */ = {isa = PBXFileReference; fileEncoding = 4; lastKnownFileType = file.xib; path = ZKMainViewController.xib; sourceTree = "<group>"; };
		58BFBAEC1CF4245600FD782F /* ZKRotationViewController.h */ = {isa = PBXFileReference; fileEncoding = 4; lastKnownFileType = sourcecode.c.h; path = ZKRotationViewController.h; sourceTree = "<group>"; };
		58BFBAED1CF4245600FD782F /* ZKRotationViewController.m */ = {isa = PBXFileReference; fileEncoding = 4; lastKnownFileType = sourcecode.c.objc; path = ZKRotationViewController.m; sourceTree = "<group>"; };
/* End PBXFileReference section */

/* Begin PBXFrameworksBuildPhase section */
		58BFBAAC1CF420B400FD782F /* Frameworks */ = {
			isa = PBXFrameworksBuildPhase;
			buildActionMask = 2147483647;
			files = (
			);
			runOnlyForDeploymentPostprocessing = 0;
		};
		58BFBAC51CF420B500FD782F /* Frameworks */ = {
			isa = PBXFrameworksBuildPhase;
			buildActionMask = 2147483647;
			files = (
			);
			runOnlyForDeploymentPostprocessing = 0;
		};
		58BFBAD01CF420B500FD782F /* Frameworks */ = {
			isa = PBXFrameworksBuildPhase;
			buildActionMask = 2147483647;
			files = (
			);
			runOnlyForDeploymentPostprocessing = 0;
		};
/* End PBXFrameworksBuildPhase section */

/* Begin PBXGroup section */
		58BFBAA61CF420B400FD782F = {
			isa = PBXGroup;
			children = (
				58BFBAB11CF420B500FD782F /* ZKRotationSwitchView */,
				58BFBACB1CF420B500FD782F /* ZKRotationSwitchViewTests */,
				58BFBAD61CF420B500FD782F /* ZKRotationSwitchViewUITests */,
				58BFBAB01CF420B400FD782F /* Products */,
			);
			sourceTree = "<group>";
		};
		58BFBAB01CF420B400FD782F /* Products */ = {
			isa = PBXGroup;
			children = (
				58BFBAAF1CF420B400FD782F /* ZKRotationSwitchView.app */,
				58BFBAC81CF420B500FD782F /* ZKRotationSwitchViewTests.xctest */,
				58BFBAD31CF420B500FD782F /* ZKRotationSwitchViewUITests.xctest */,
			);
			name = Products;
			sourceTree = "<group>";
		};
		58BFBAB11CF420B500FD782F /* ZKRotationSwitchView */ = {
			isa = PBXGroup;
			children = (
				58BFBAB51CF420B500FD782F /* AppDelegate.h */,
				58BFBAB61CF420B500FD782F /* AppDelegate.m */,
				58BFBAE51CF4213C00FD782F /* Classes */,
				58BFBAC31CF420B500FD782F /* Info.plist */,
				58BFBAB21CF420B500FD782F /* Supporting Files */,
			);
			path = ZKRotationSwitchView;
			sourceTree = "<group>";
		};
		58BFBAB21CF420B500FD782F /* Supporting Files */ = {
			isa = PBXGroup;
			children = (
				58BFBABE1CF420B500FD782F /* Assets.xcassets */,
				58BFBAC01CF420B500FD782F /* LaunchScreen.storyboard */,
				58BFBAB31CF420B500FD782F /* main.m */,
			);
			name = "Supporting Files";
			sourceTree = "<group>";
		};
		58BFBACB1CF420B500FD782F /* ZKRotationSwitchViewTests */ = {
			isa = PBXGroup;
			children = (
				58BFBACC1CF420B500FD782F /* ZKRotationSwitchViewTests.m */,
				58BFBACE1CF420B500FD782F /* Info.plist */,
			);
			path = ZKRotationSwitchViewTests;
			sourceTree = "<group>";
		};
		58BFBAD61CF420B500FD782F /* ZKRotationSwitchViewUITests */ = {
			isa = PBXGroup;
			children = (
				58BFBAD71CF420B500FD782F /* ZKRotationSwitchViewUITests.m */,
				58BFBAD91CF420B500FD782F /* Info.plist */,
			);
			path = ZKRotationSwitchViewUITests;
			sourceTree = "<group>";
		};
		58BFBAE51CF4213C00FD782F /* Classes */ = {
			isa = PBXGroup;
			children = (
				58BFBAE61CF4217700FD782F /* ZKMainViewController.h */,
				58BFBAE71CF4217700FD782F /* ZKMainViewController.m */,
				58BFBAE81CF4217700FD782F /* ZKMainViewController.xib */,
				58BFBAEB1CF4244300FD782F /* ZKRotationViewController */,
			);
			path = Classes;
			sourceTree = "<group>";
		};
		58BFBAEB1CF4244300FD782F /* ZKRotationViewController */ = {
			isa = PBXGroup;
			children = (
				58BFBAEC1CF4245600FD782F /* ZKRotationViewController.h */,
				58BFBAED1CF4245600FD782F /* ZKRotationViewController.m */,
			);
			path = ZKRotationViewController;
			sourceTree = "<group>";
		};
/* End PBXGroup section */

/* Begin PBXNativeTarget section */
		58BFBAAE1CF420B400FD782F /* ZKRotationSwitchView */ = {
			isa = PBXNativeTarget;
			buildConfigurationList = 58BFBADC1CF420B500FD782F /* Build configuration list for PBXNativeTarget "ZKRotationSwitchView" */;
			buildPhases = (
				58BFBAAB1CF420B400FD782F /* Sources */,
				58BFBAAC1CF420B400FD782F /* Frameworks */,
				58BFBAAD1CF420B400FD782F /* Resources */,
			);
			buildRules = (
			);
			dependencies = (
			);
			name = ZKRotationSwitchView;
			productName = ZKRotationSwitchView;
			productReference = 58BFBAAF1CF420B400FD782F /* ZKRotationSwitchView.app */;
			productType = "com.apple.product-type.application";
		};
		58BFBAC71CF420B500FD782F /* ZKRotationSwitchViewTests */ = {
			isa = PBXNativeTarget;
			buildConfigurationList = 58BFBADF1CF420B500FD782F /* Build configuration list for PBXNativeTarget "ZKRotationSwitchViewTests" */;
			buildPhases = (
				58BFBAC41CF420B500FD782F /* Sources */,
				58BFBAC51CF420B500FD782F /* Frameworks */,
				58BFBAC61CF420B500FD782F /* Resources */,
			);
			buildRules = (
			);
			dependencies = (
				58BFBACA1CF420B500FD782F /* PBXTargetDependency */,
			);
			name = ZKRotationSwitchViewTests;
			productName = ZKRotationSwitchViewTests;
			productReference = 58BFBAC81CF420B500FD782F /* ZKRotationSwitchViewTests.xctest */;
			productType = "com.apple.product-type.bundle.unit-test";
		};
		58BFBAD21CF420B500FD782F /* ZKRotationSwitchViewUITests */ = {
			isa = PBXNativeTarget;
			buildConfigurationList = 58BFBAE21CF420B500FD782F /* Build configuration list for PBXNativeTarget "ZKRotationSwitchViewUITests" */;
			buildPhases = (
				58BFBACF1CF420B500FD782F /* Sources */,
				58BFBAD01CF420B500FD782F /* Frameworks */,
				58BFBAD11CF420B500FD782F /* Resources */,
			);
			buildRules = (
			);
			dependencies = (
				58BFBAD51CF420B500FD782F /* PBXTargetDependency */,
			);
			name = ZKRotationSwitchViewUITests;
			productName = ZKRotationSwitchViewUITests;
			productReference = 58BFBAD31CF420B500FD782F /* ZKRotationSwitchViewUITests.xctest */;
			productType = "com.apple.product-type.bundle.ui-testing";
		};
/* End PBXNativeTarget section */

/* Begin PBXProject section */
		58BFBAA71CF420B400FD782F /* Project object */ = {
			isa = PBXProject;
			attributes = {
				LastUpgradeCheck = 0730;
				ORGANIZATIONNAME = ZK;
				TargetAttributes = {
					58BFBAAE1CF420B400FD782F = {
						CreatedOnToolsVersion = 7.3;
					};
					58BFBAC71CF420B500FD782F = {
						CreatedOnToolsVersion = 7.3;
						TestTargetID = 58BFBAAE1CF420B400FD782F;
					};
					58BFBAD21CF420B500FD782F = {
						CreatedOnToolsVersion = 7.3;
						TestTargetID = 58BFBAAE1CF420B400FD782F;
					};
				};
			};
			buildConfigurationList = 58BFBAAA1CF420B400FD782F /* Build configuration list for PBXProject "ZKRotationSwitchView" */;
			compatibilityVersion = "Xcode 3.2";
			developmentRegion = English;
			hasScannedForEncodings = 0;
			knownRegions = (
				en,
				Base,
			);
			mainGroup = 58BFBAA61CF420B400FD782F;
			productRefGroup = 58BFBAB01CF420B400FD782F /* Products */;
			projectDirPath = "";
			projectRoot = "";
			targets = (
				58BFBAAE1CF420B400FD782F /* ZKRotationSwitchView */,
				58BFBAC71CF420B500FD782F /* ZKRotationSwitchViewTests */,
				58BFBAD21CF420B500FD782F /* ZKRotationSwitchViewUITests */,
			);
		};
/* End PBXProject section */

/* Begin PBXResourcesBuildPhase section */
		58BFBAAD1CF420B400FD782F /* Resources */ = {
			isa = PBXResourcesBuildPhase;
			buildActionMask = 2147483647;
			files = (
				58BFBAC21CF420B500FD782F /* LaunchScreen.storyboard in Resources */,
				58BFBABF1CF420B500FD782F /* Assets.xcassets in Resources */,
				58BFBAEA1CF4217700FD782F /* ZKMainViewController.xib in Resources */,
			);
			runOnlyForDeploymentPostprocessing = 0;
		};
		58BFBAC61CF420B500FD782F /* Resources */ = {
			isa = PBXResourcesBuildPhase;
			buildActionMask = 2147483647;
			files = (
			);
			runOnlyForDeploymentPostprocessing = 0;
		};
		58BFBAD11CF420B500FD782F /* Resources */ = {
			isa = PBXResourcesBuildPhase;
			buildActionMask = 2147483647;
			files = (
			);
			runOnlyForDeploymentPostprocessing = 0;
		};
/* End PBXResourcesBuildPhase section */

/* Begin PBXSourcesBuildPhase section */
		58BFBAAB1CF420B400FD782F /* Sources */ = {
			isa = PBXSourcesBuildPhase;
			buildActionMask = 2147483647;
			files = (
				58BFBAB71CF420B500FD782F /* AppDelegate.m in Sources */,
				58BFBAEE1CF4245600FD782F /* ZKRotationViewController.m in Sources */,
				58BFBAB41CF420B500FD782F /* main.m in Sources */,
				58BFBAE91CF4217700FD782F /* ZKMainViewController.m in Sources */,
			);
			runOnlyForDeploymentPostprocessing = 0;
		};
		58BFBAC41CF420B500FD782F /* Sources */ = {
			isa = PBXSourcesBuildPhase;
			buildActionMask = 2147483647;
			files = (
				58BFBACD1CF420B500FD782F /* ZKRotationSwitchViewTests.m in Sources */,
			);
			runOnlyForDeploymentPostprocessing = 0;
		};
		58BFBACF1CF420B500FD782F /* Sources */ = {
			isa = PBXSourcesBuildPhase;
			buildActionMask = 2147483647;
			files = (
				58BFBAD81CF420B500FD782F /* ZKRotationSwitchViewUITests.m in Sources */,
			);
			runOnlyForDeploymentPostprocessing = 0;
		};
/* End PBXSourcesBuildPhase section */

/* Begin PBXTargetDependency section */
		58BFBACA1CF420B500FD782F /* PBXTargetDependency */ = {
			isa = PBXTargetDependency;
			target = 58BFBAAE1CF420B400FD782F /* ZKRotationSwitchView */;
			targetProxy = 58BFBAC91CF420B500FD782F /* PBXContainerItemProxy */;
		};
		58BFBAD51CF420B500FD782F /* PBXTargetDependency */ = {
			isa = PBXTargetDependency;
			target = 58BFBAAE1CF420B400FD782F /* ZKRotationSwitchView */;
			targetProxy = 58BFBAD41CF420B500FD782F /* PBXContainerItemProxy */;
		};
/* End PBXTargetDependency section */

/* Begin PBXVariantGroup section */
		58BFBAC01CF420B500FD782F /* LaunchScreen.storyboard */ = {
			isa = PBXVariantGroup;
			children = (
				58BFBAC11CF420B500FD782F /* Base */,
			);
			name = LaunchScreen.storyboard;
			sourceTree = "<group>";
		};
/* End PBXVariantGroup section */

/* Begin XCBuildConfiguration section */
		58BFBADA1CF420B500FD782F /* Debug */ = {
			isa = XCBuildConfiguration;
			buildSettings = {
				ALWAYS_SEARCH_USER_PATHS = NO;
				CLANG_ANALYZER_NONNULL = YES;
				CLANG_CXX_LANGUAGE_STANDARD = "gnu++0x";
				CLANG_CXX_LIBRARY = "libc++";
				CLANG_ENABLE_MODULES = YES;
				CLANG_ENABLE_OBJC_ARC = YES;
				CLANG_WARN_BOOL_CONVERSION = YES;
				CLANG_WARN_CONSTANT_CONVERSION = YES;
				CLANG_WARN_DIRECT_OBJC_ISA_USAGE = YES_ERROR;
				CLANG_WARN_EMPTY_BODY = YES;
				CLANG_WARN_ENUM_CONVERSION = YES;
				CLANG_WARN_INT_CONVERSION = YES;
				CLANG_WARN_OBJC_ROOT_CLASS = YES_ERROR;
				CLANG_WARN_UNREACHABLE_CODE = YES;
				CLANG_WARN__DUPLICATE_METHOD_MATCH = YES;
				"CODE_SIGN_IDENTITY[sdk=iphoneos*]" = "iPhone Developer";
				COPY_PHASE_STRIP = NO;
				DEBUG_INFORMATION_FORMAT = dwarf;
				ENABLE_STRICT_OBJC_MSGSEND = YES;
				ENABLE_TESTABILITY = YES;
				GCC_C_LANGUAGE_STANDARD = gnu99;
				GCC_DYNAMIC_NO_PIC = NO;
				GCC_NO_COMMON_BLOCKS = YES;
				GCC_OPTIMIZATION_LEVEL = 0;
				GCC_PREPROCESSOR_DEFINITIONS = (
					"DEBUG=1",
					"$(inherited)",
				);
				GCC_WARN_64_TO_32_BIT_CONVERSION = YES;
				GCC_WARN_ABOUT_RETURN_TYPE = YES_ERROR;
				GCC_WARN_UNDECLARED_SELECTOR = YES;
				GCC_WARN_UNINITIALIZED_AUTOS = YES_AGGRESSIVE;
				GCC_WARN_UNUSED_FUNCTION = YES;
				GCC_WARN_UNUSED_VARIABLE = YES;
				IPHONEOS_DEPLOYMENT_TARGET = 9.3;
				MTL_ENABLE_DEBUG_INFO = YES;
				ONLY_ACTIVE_ARCH = YES;
				SDKROOT = iphoneos;
			};
			name = Debug;
		};
		58BFBADB1CF420B500FD782F /* Release */ = {
			isa = XCBuildConfiguration;
			buildSettings = {
				ALWAYS_SEARCH_USER_PATHS = NO;
				CLANG_ANALYZER_NONNULL = YES;
				CLANG_CXX_LANGUAGE_STANDARD = "gnu++0x";
				CLANG_CXX_LIBRARY = "libc++";
				CLANG_ENABLE_MODULES = YES;
				CLANG_ENABLE_OBJC_ARC = YES;
				CLANG_WARN_BOOL_CONVERSION = YES;
				CLANG_WARN_CONSTANT_CONVERSION = YES;
				CLANG_WARN_DIRECT_OBJC_ISA_USAGE = YES_ERROR;
				CLANG_WARN_EMPTY_BODY = YES;
				CLANG_WARN_ENUM_CONVERSION = YES;
				CLANG_WARN_INT_CONVERSION = YES;
				CLANG_WARN_OBJC_ROOT_CLASS = YES_ERROR;
				CLANG_WARN_UNREACHABLE_CODE = YES;
				CLANG_WARN__DUPLICATE_METHOD_MATCH = YES;
				"CODE_SIGN_IDENTITY[sdk=iphoneos*]" = "iPhone Developer";
				COPY_PHASE_STRIP = NO;
				DEBUG_INFORMATION_FORMAT = "dwarf-with-dsym";
				ENABLE_NS_ASSERTIONS = NO;
				ENABLE_STRICT_OBJC_MSGSEND = YES;
				GCC_C_LANGUAGE_STANDARD = gnu99;
				GCC_NO_COMMON_BLOCKS = YES;
				GCC_WARN_64_TO_32_BIT_CONVERSION = YES;
				GCC_WARN_ABOUT_RETURN_TYPE = YES_ERROR;
				GCC_WARN_UNDECLARED_SELECTOR = YES;
				GCC_WARN_UNINITIALIZED_AUTOS = YES_AGGRESSIVE;
				GCC_WARN_UNUSED_FUNCTION = YES;
				GCC_WARN_UNUSED_VARIABLE = YES;
				IPHONEOS_DEPLOYMENT_TARGET = 9.3;
				MTL_ENABLE_DEBUG_INFO = NO;
				SDKROOT = iphoneos;
				VALIDATE_PRODUCT = YES;
			};
			name = Release;
		};
		58BFBADD1CF420B500FD782F /* Debug */ = {
			isa = XCBuildConfiguration;
			buildSettings = {
				ASSETCATALOG_COMPILER_APPICON_NAME = AppIcon;
				INFOPLIST_FILE = ZKRotationSwitchView/Info.plist;
				IPHONEOS_DEPLOYMENT_TARGET = 8.2;
				LD_RUNPATH_SEARCH_PATHS = "$(inherited) @executable_path/Frameworks";
				PRODUCT_BUNDLE_IDENTIFIER = hoolai.ZKRotationSwitchView;
				PRODUCT_NAME = "$(TARGET_NAME)";
			};
			name = Debug;
		};
		58BFBADE1CF420B500FD782F /* Release */ = {
			isa = XCBuildConfiguration;
			buildSettings = {
				ASSETCATALOG_COMPILER_APPICON_NAME = AppIcon;
				INFOPLIST_FILE = ZKRotationSwitchView/Info.plist;
				IPHONEOS_DEPLOYMENT_TARGET = 8.2;
				LD_RUNPATH_SEARCH_PATHS = "$(inherited) @executable_path/Frameworks";
				PRODUCT_BUNDLE_IDENTIFIER = hoolai.ZKRotationSwitchView;
				PRODUCT_NAME = "$(TARGET_NAME)";
			};
			name = Release;
		};
		58BFBAE01CF420B500FD782F /* Debug */ = {
			isa = XCBuildConfiguration;
			buildSettings = {
				BUNDLE_LOADER = "$(TEST_HOST)";
				INFOPLIST_FILE = ZKRotationSwitchViewTests/Info.plist;
				LD_RUNPATH_SEARCH_PATHS = "$(inherited) @executable_path/Frameworks @loader_path/Frameworks";
				PRODUCT_BUNDLE_IDENTIFIER = hoolai.ZKRotationSwitchViewTests;
				PRODUCT_NAME = "$(TARGET_NAME)";
				TEST_HOST = "$(BUILT_PRODUCTS_DIR)/ZKRotationSwitchView.app/ZKRotationSwitchView";
			};
			name = Debug;
		};
		58BFBAE11CF420B500FD782F /* Release */ = {
			isa = XCBuildConfiguration;
			buildSettings = {
				BUNDLE_LOADER = "$(TEST_HOST)";
				INFOPLIST_FILE = ZKRotationSwitchViewTests/Info.plist;
				LD_RUNPATH_SEARCH_PATHS = "$(inherited) @executable_path/Frameworks @loader_path/Frameworks";
				PRODUCT_BUNDLE_IDENTIFIER = hoolai.ZKRotationSwitchViewTests;
				PRODUCT_NAME = "$(TARGET_NAME)";
				TEST_HOST = "$(BUILT_PRODUCTS_DIR)/ZKRotationSwitchView.app/ZKRotationSwitchView";
			};
			name = Release;
		};
		58BFBAE31CF420B500FD782F /* Debug */ = {
			isa = XCBuildConfiguration;
			buildSettings = {
				INFOPLIST_FILE = ZKRotationSwitchViewUITests/Info.plist;
				LD_RUNPATH_SEARCH_PATHS = "$(inherited) @executable_path/Frameworks @loader_path/Frameworks";
				PRODUCT_BUNDLE_IDENTIFIER = hoolai.ZKRotationSwitchViewUITests;
				PRODUCT_NAME = "$(TARGET_NAME)";
				TEST_TARGET_NAME = ZKRotationSwitchView;
			};
			name = Debug;
		};
		58BFBAE41CF420B500FD782F /* Release */ = {
			isa = XCBuildConfiguration;
			buildSettings = {
				INFOPLIST_FILE = ZKRotationSwitchViewUITests/Info.plist;
				LD_RUNPATH_SEARCH_PATHS = "$(inherited) @executable_path/Frameworks @loader_path/Frameworks";
				PRODUCT_BUNDLE_IDENTIFIER = hoolai.ZKRotationSwitchViewUITests;
				PRODUCT_NAME = "$(TARGET_NAME)";
				TEST_TARGET_NAME = ZKRotationSwitchView;
			};
			name = Release;
		};
/* End XCBuildConfiguration section */

/* Begin XCConfigurationList section */
		58BFBAAA1CF420B400FD782F /* Build configuration list for PBXProject "ZKRotationSwitchView" */ = {
			isa = XCConfigurationList;
			buildConfigurations = (
				58BFBADA1CF420B500FD782F /* Debug */,
				58BFBADB1CF420B500FD782F /* Release */,
			);
			defaultConfigurationIsVisible = 0;
			defaultConfigurationName = Release;
		};
		58BFBADC1CF420B500FD782F /* Build configuration list for PBXNativeTarget "ZKRotationSwitchView" */ = {
			isa = XCConfigurationList;
			buildConfigurations = (
				58BFBADD1CF420B500FD782F /* Debug */,
				58BFBADE1CF420B500FD782F /* Release */,
			);
			defaultConfigurationIsVisible = 0;
		};
		58BFBADF1CF420B500FD782F /* Build configuration list for PBXNativeTarget "ZKRotationSwitchViewTests" */ = {
			isa = XCConfigurationList;
			buildConfigurations = (
				58BFBAE01CF420B500FD782F /* Debug */,
				58BFBAE11CF420B500FD782F /* Release */,
			);
			defaultConfigurationIsVisible = 0;
		};
		58BFBAE21CF420B500FD782F /* Build configuration list for PBXNativeTarget "ZKRotationSwitchViewUITests" */ = {
			isa = XCConfigurationList;
			buildConfigurations = (
				58BFBAE31CF420B500FD782F /* Debug */,
				58BFBAE41CF420B500FD782F /* Release */,
			);
			defaultConfigurationIsVisible = 0;
		};
/* End XCConfigurationList section */
	};
	rootObject = 58BFBAA71CF420B400FD782F /* Project object */;
}
